
Microsoft Visual Studio Solution File, Format Version 12.00
# Visual Studio Version 17
VisualStudioVersion = 17.8.34316.72
MinimumVisualStudioVersion = 10.0.40219.1
Project("{FAE04EC0-301F-11D3-BF4B-00C04F79EFBC}") = "EarthWeightToMars", "EarthWeightToMars\EarthWeightToMars.csproj", "{691AF815-AD8C-4FBB-B87B-B6DEDA1F10F9}"
EndProject
Global
	GlobalSection(SolutionConfigurationPlatforms) = preSolution
		Debug|Any CPU = Debug|Any CPU
		Release|Any CPU = Release|Any CPU
	EndGlobalSection
	GlobalSection(ProjectConfigurationPlatforms) = postSolution
		{691AF815-AD8C-4FBB-B87B-B6DEDA1F10F9}.Debug|Any CPU.ActiveCfg = Debug|Any CPU
		{691AF815-AD8C-4FBB-B87B-B6DEDA1F10F9}.Debug|Any CPU.Build.0 = Debug|Any CPU
		{691AF815-AD8C-4FBB-B87B-B6DEDA1F10F9}.Release|Any CPU.ActiveCfg = Release|Any CPU
		{691AF815-AD8C-4FBB-B87B-B6DEDA1F10F9}.Release|Any CPU.Build.0 = Release|Any CPU
	EndGlobalSection
	GlobalSection(SolutionProperties) = preSolution
		HideSolutionNode = FALSE
	EndGlobalSection
	GlobalSection(ExtensibilityGlobals) = postSolution
		SolutionGuid = {A24E6BAA-ADBF-4D54-B5C9-5B1D8E13B930}
	EndGlobalSection
EndGlobal
